// !$*UTF8*$!
{
	archiveVersion = 1;
	classes = {
	};
	objectVersion = 48;
	objects = {

/* Begin PBXBuildFile section */
		08CFC0C020198CD600A6D7A0 /* AppDelegate.m in Sources */ = {isa = PBXBuildFile; fileRef = 08CFC0BF20198CD600A6D7A0 /* AppDelegate.m */; };
		08CFC0C320198CD600A6D7A0 /* ViewController.m in Sources */ = {isa = PBXBuildFile; fileRef = 08CFC0C220198CD600A6D7A0 /* ViewController.m */; };
		08CFC0C620198CD600A6D7A0 /* Main.storyboard in Resources */ = {isa = PBXBuildFile; fileRef = 08CFC0C420198CD600A6D7A0 /* Main.storyboard */; };
		08CFC0C820198CD600A6D7A0 /* Assets.xcassets in Resources */ = {isa = PBXBuildFile; fileRef = 08CFC0C720198CD600A6D7A0 /* Assets.xcassets */; };
		08CFC0CB20198CD600A6D7A0 /* LaunchScreen.storyboard in Resources */ = {isa = PBXBuildFile; fileRef = 08CFC0C920198CD600A6D7A0 /* LaunchScreen.storyboard */; };
		08CFC0CE20198CD600A6D7A0 /* main.m in Sources */ = {isa = PBXBuildFile; fileRef = 08CFC0CD20198CD600A6D7A0 /* main.m */; };
		08CFC0D62019916100A6D7A0 /* CBCViewController.m in Sources */ = {isa = PBXBuildFile; fileRef = 08CFC0D52019916100A6D7A0 /* CBCViewController.m */; };
		08CFC0D9201992F000A6D7A0 /* NSData+AES_CBC.m in Sources */ = {isa = PBXBuildFile; fileRef = 08CFC0D8201992F000A6D7A0 /* NSData+AES_CBC.m */; };
		08CFC0DC201A2CDE00A6D7A0 /* ECBViewController.m in Sources */ = {isa = PBXBuildFile; fileRef = 08CFC0DB201A2CDE00A6D7A0 /* ECBViewController.m */; };
		08CFC0DF201A31C200A6D7A0 /* NSData+AES_ECB.m in Sources */ = {isa = PBXBuildFile; fileRef = 08CFC0DE201A31C200A6D7A0 /* NSData+AES_ECB.m */; };
		08CFC0E2201A331C00A6D7A0 /* NSString+AES_ECB.m in Sources */ = {isa = PBXBuildFile; fileRef = 08CFC0E1201A331C00A6D7A0 /* NSString+AES_ECB.m */; };
		08CFC0E5201A364200A6D7A0 /* NSString+AES_CBC.m in Sources */ = {isa = PBXBuildFile; fileRef = 08CFC0E4201A364200A6D7A0 /* NSString+AES_CBC.m */; };
		DE672C82CF51A6CCABED44A9 /* Pods_AES_Encrypt.framework in Frameworks */ = {isa = PBXBuildFile; fileRef = 045654BEC5183ACE2C7ACB98 /* Pods_AES_Encrypt.framework */; };
/* End PBXBuildFile section */

/* Begin PBXFileReference section */
		045654BEC5183ACE2C7ACB98 /* Pods_AES_Encrypt.framework */ = {isa = PBXFileReference; explicitFileType = wrapper.framework; includeInIndex = 0; path = Pods_AES_Encrypt.framework; sourceTree = BUILT_PRODUCTS_DIR; };
		08CFC0BB20198CD600A6D7A0 /* AES-Encrypt.app */ = {isa = PBXFileReference; explicitFileType = wrapper.application; includeInIndex = 0; path = "AES-Encrypt.app"; sourceTree = BUILT_PRODUCTS_DIR; };
		08CFC0BE20198CD600A6D7A0 /* AppDelegate.h */ = {isa = PBXFileReference; lastKnownFileType = sourcecode.c.h; path = AppDelegate.h; sourceTree = "<group>"; };
		08CFC0BF20198CD600A6D7A0 /* AppDelegate.m */ = {isa = PBXFileReference; lastKnownFileType = sourcecode.c.objc; path = AppDelegate.m; sourceTree = "<group>"; };
		08CFC0C120198CD600A6D7A0 /* ViewController.h */ = {isa = PBXFileReference; lastKnownFileType = sourcecode.c.h; path = ViewController.h; sourceTree = "<group>"; };
		08CFC0C220198CD600A6D7A0 /* ViewController.m */ = {isa = PBXFileReference; lastKnownFileType = sourcecode.c.objc; path = ViewController.m; sourceTree = "<group>"; };
		08CFC0C520198CD600A6D7A0 /* Base */ = {isa = PBXFileReference; lastKnownFileType = file.storyboard; name = Base; path = Base.lproj/Main.storyboard; sourceTree = "<group>"; };
		08CFC0C720198CD600A6D7A0 /* Assets.xcassets */ = {isa = PBXFileReference; lastKnownFileType = folder.assetcatalog; path = Assets.xcassets; sourceTree = "<group>"; };
		08CFC0CA20198CD600A6D7A0 /* Base */ = {isa = PBXFileReference; lastKnownFileType = file.storyboard; name = Base; path = Base.lproj/LaunchScreen.storyboard; sourceTree = "<group>"; };
		08CFC0CC20198CD600A6D7A0 /* Info.plist */ = {isa = PBXFileReference; lastKnownFileType = text.plist.xml; path = Info.plist; sourceTree = "<group>"; };
		08CFC0CD20198CD600A6D7A0 /* main.m */ = {isa = PBXFileReference; lastKnownFileType = sourcecode.c.objc; path = main.m; sourceTree = "<group>"; };
		08CFC0D42019916100A6D7A0 /* CBCViewController.h */ = {isa = PBXFileReference; lastKnownFileType = sourcecode.c.h; path = CBCViewController.h; sourceTree = "<group>"; };
		08CFC0D52019916100A6D7A0 /* CBCViewController.m */ = {isa = PBXFileReference; lastKnownFileType = sourcecode.c.objc; path = CBCViewController.m; sourceTree = "<group>"; };
		08CFC0D7201992F000A6D7A0 /* NSData+AES_CBC.h */ = {isa = PBXFileReference; lastKnownFileType = sourcecode.c.h; path = "NSData+AES_CBC.h"; sourceTree = "<group>"; };
		08CFC0D8201992F000A6D7A0 /* NSData+AES_CBC.m */ = {isa = PBXFileReference; lastKnownFileType = sourcecode.c.objc; path = "NSData+AES_CBC.m"; sourceTree = "<group>"; };
		08CFC0DA201A2CDE00A6D7A0 /* ECBViewController.h */ = {isa = PBXFileReference; lastKnownFileType = sourcecode.c.h; path = ECBViewController.h; sourceTree = "<group>"; };
		08CFC0DB201A2CDE00A6D7A0 /* ECBViewController.m */ = {isa = PBXFileReference; lastKnownFileType = sourcecode.c.objc; path = ECBViewController.m; sourceTree = "<group>"; };
		08CFC0DD201A31C200A6D7A0 /* NSData+AES_ECB.h */ = {isa = PBXFileReference; lastKnownFileType = sourcecode.c.h; path = "NSData+AES_ECB.h"; sourceTree = "<group>"; };
		08CFC0DE201A31C200A6D7A0 /* NSData+AES_ECB.m */ = {isa = PBXFileReference; lastKnownFileType = sourcecode.c.objc; path = "NSData+AES_ECB.m"; sourceTree = "<group>"; };
		08CFC0E0201A331C00A6D7A0 /* NSString+AES_ECB.h */ = {isa = PBXFileReference; lastKnownFileType = sourcecode.c.h; path = "NSString+AES_ECB.h"; sourceTree = "<group>"; };
		08CFC0E1201A331C00A6D7A0 /* NSString+AES_ECB.m */ = {isa = PBXFileReference; lastKnownFileType = sourcecode.c.objc; path = "NSString+AES_ECB.m"; sourceTree = "<group>"; };
		08CFC0E3201A364100A6D7A0 /* NSString+AES_CBC.h */ = {isa = PBXFileReference; lastKnownFileType = sourcecode.c.h; path = "NSString+AES_CBC.h"; sourceTree = "<group>"; };
		08CFC0E4201A364200A6D7A0 /* NSString+AES_CBC.m */ = {isa = PBXFileReference; lastKnownFileType = sourcecode.c.objc; path = "NSString+AES_CBC.m"; sourceTree = "<group>"; };
		92E325E2D00496B6B518D067 /* Pods-AES-Encrypt.release.xcconfig */ = {isa = PBXFileReference; includeInIndex = 1; lastKnownFileType = text.xcconfig; name = "Pods-AES-Encrypt.release.xcconfig"; path = "Pods/Target Support Files/Pods-AES-Encrypt/Pods-AES-Encrypt.release.xcconfig"; sourceTree = "<group>"; };
		B7F7EF3B2A50A4EC74C47113 /* Pods-AES-Encrypt.debug.xcconfig */ = {isa = PBXFileReference; includeInIndex = 1; lastKnownFileType = text.xcconfig; name = "Pods-AES-Encrypt.debug.xcconfig"; path = "Pods/Target Support Files/Pods-AES-Encrypt/Pods-AES-Encrypt.debug.xcconfig"; sourceTree = "<group>"; };
/* End PBXFileReference section */

/* Begin PBXFrameworksBuildPhase section */
		08CFC0B820198CD600A6D7A0 /* Frameworks */ = {
			isa = PBXFrameworksBuildPhase;
			buildActionMask = 2147483647;
			files = (
				DE672C82CF51A6CCABED44A9 /* Pods_AES_Encrypt.framework in Frameworks */,
			);
			runOnlyForDeploymentPostprocessing = 0;
		};
/* End PBXFrameworksBuildPhase section */

/* Begin PBXGroup section */
		08CFC0B220198CD600A6D7A0 = {
			isa = PBXGroup;
			children = (
				08CFC0BD20198CD600A6D7A0 /* AES-Encrypt */,
				08CFC0BC20198CD600A6D7A0 /* Products */,
				EC2FC8BD550C1D2CF82EC18D /* Pods */,
				CE50EEB6F2A8CD1EECD478F9 /* Frameworks */,
			);
			sourceTree = "<group>";
		};
		08CFC0BC20198CD600A6D7A0 /* Products */ = {
			isa = PBXGroup;
			children = (
				08CFC0BB20198CD600A6D7A0 /* AES-Encrypt.app */,
			);
			name = Products;
			sourceTree = "<group>";
		};
		08CFC0BD20198CD600A6D7A0 /* AES-Encrypt */ = {
			isa = PBXGroup;
			children = (
				08CFC0BE20198CD600A6D7A0 /* AppDelegate.h */,
				08CFC0BF20198CD600A6D7A0 /* AppDelegate.m */,
				08CFC0C120198CD600A6D7A0 /* ViewController.h */,
				08CFC0C220198CD600A6D7A0 /* ViewController.m */,
				08CFC0D42019916100A6D7A0 /* CBCViewController.h */,
				08CFC0D52019916100A6D7A0 /* CBCViewController.m */,
				08CFC0DA201A2CDE00A6D7A0 /* ECBViewController.h */,
				08CFC0DB201A2CDE00A6D7A0 /* ECBViewController.m */,
				08CFC0C420198CD600A6D7A0 /* Main.storyboard */,
				08CFC0C720198CD600A6D7A0 /* Assets.xcassets */,
				08CFC0C920198CD600A6D7A0 /* LaunchScreen.storyboard */,
				08CFC0CC20198CD600A6D7A0 /* Info.plist */,
				08CFC0CD20198CD600A6D7A0 /* main.m */,
				08CFC0D7201992F000A6D7A0 /* NSData+AES_CBC.h */,
				08CFC0D8201992F000A6D7A0 /* NSData+AES_CBC.m */,
				08CFC0E3201A364100A6D7A0 /* NSString+AES_CBC.h */,
				08CFC0E4201A364200A6D7A0 /* NSString+AES_CBC.m */,
				08CFC0DD201A31C200A6D7A0 /* NSData+AES_ECB.h */,
				08CFC0DE201A31C200A6D7A0 /* NSData+AES_ECB.m */,
				08CFC0E0201A331C00A6D7A0 /* NSString+AES_ECB.h */,
				08CFC0E1201A331C00A6D7A0 /* NSString+AES_ECB.m */,
			);
			path = "AES-Encrypt";
			sourceTree = "<group>";
		};
		CE50EEB6F2A8CD1EECD478F9 /* Frameworks */ = {
			isa = PBXGroup;
			children = (
				045654BEC5183ACE2C7ACB98 /* Pods_AES_Encrypt.framework */,
			);
			name = Frameworks;
			sourceTree = "<group>";
		};
		EC2FC8BD550C1D2CF82EC18D /* Pods */ = {
			isa = PBXGroup;
			children = (
				B7F7EF3B2A50A4EC74C47113 /* Pods-AES-Encrypt.debug.xcconfig */,
				92E325E2D00496B6B518D067 /* Pods-AES-Encrypt.release.xcconfig */,
			);
			name = Pods;
			sourceTree = "<group>";
		};
/* End PBXGroup section */

/* Begin PBXNativeTarget section */
		08CFC0BA20198CD600A6D7A0 /* AES-Encrypt */ = {
			isa = PBXNativeTarget;
			buildConfigurationList = 08CFC0D120198CD600A6D7A0 /* Build configuration list for PBXNativeTarget "AES-Encrypt" */;
			buildPhases = (
				D06DF36333308F3FE87F89AA /* [CP] Check Pods Manifest.lock */,
				08CFC0B720198CD600A6D7A0 /* Sources */,
				08CFC0B820198CD600A6D7A0 /* Frameworks */,
				08CFC0B920198CD600A6D7A0 /* Resources */,
				67658FD32DB454C7B00F6610 /* [CP] Embed Pods Frameworks */,
				77EDA4F4C8C26A2F4DE103F1 /* [CP] Copy Pods Resources */,
			);
			buildRules = (
			);
			dependencies = (
			);
			name = "AES-Encrypt";
			productName = "AES-Encrypt";
			productReference = 08CFC0BB20198CD600A6D7A0 /* AES-Encrypt.app */;
			productType = "com.apple.product-type.application";
		};
/* End PBXNativeTarget section */

/* Begin PBXProject section */
		08CFC0B320198CD600A6D7A0 /* Project object */ = {
			isa = PBXProject;
			attributes = {
				LastUpgradeCheck = 0920;
				ORGANIZATIONNAME = Apple.Inc;
				TargetAttributes = {
					08CFC0BA20198CD600A6D7A0 = {
						CreatedOnToolsVersion = 9.2;
						ProvisioningStyle = Automatic;
					};
				};
			};
			buildConfigurationList = 08CFC0B620198CD600A6D7A0 /* Build configuration list for PBXProject "AES-Encrypt" */;
			compatibilityVersion = "Xcode 8.0";
			developmentRegion = en;
			hasScannedForEncodings = 0;
			knownRegions = (
				en,
				Base,
			);
			mainGroup = 08CFC0B220198CD600A6D7A0;
			productRefGroup = 08CFC0BC20198CD600A6D7A0 /* Products */;
			projectDirPath = "";
			projectRoot = "";
			targets = (
				08CFC0BA20198CD600A6D7A0 /* AES-Encrypt */,
			);
		};
/* End PBXProject section */

/* Begin PBXResourcesBuildPhase section */
		08CFC0B920198CD600A6D7A0 /* Resources */ = {
			isa = PBXResourcesBuildPhase;
			buildActionMask = 2147483647;
			files = (
				08CFC0CB20198CD600A6D7A0 /* LaunchScreen.storyboard in Resources */,
				08CFC0C820198CD600A6D7A0 /* Assets.xcassets in Resources */,
				08CFC0C620198CD600A6D7A0 /* Main.storyboard in Resources */,
			);
			runOnlyForDeploymentPostprocessing = 0;
		};
/* End PBXResourcesBuildPhase section */

/* Begin PBXShellScriptBuildPhase section */
		67658FD32DB454C7B00F6610 /* [CP] Embed Pods Frameworks */ = {
			isa = PBXShellScriptBuildPhase;
			buildActionMask = 2147483647;
			files = (
			);
			inputPaths = (
				"${SRCROOT}/Pods/Target Support Files/Pods-AES-Encrypt/Pods-AES-Encrypt-frameworks.sh",
				"${BUILT_PRODUCTS_DIR}/AFNetworking/AFNetworking.framework",
			);
			name = "[CP] Embed Pods Frameworks";
			outputPaths = (
				"${TARGET_BUILD_DIR}/${FRAMEWORKS_FOLDER_PATH}/AFNetworking.framework",
			);
			runOnlyForDeploymentPostprocessing = 0;
			shellPath = /bin/sh;
			shellScript = "\"${SRCROOT}/Pods/Target Support Files/Pods-AES-Encrypt/Pods-AES-Encrypt-frameworks.sh\"\n";
			showEnvVarsInLog = 0;
		};
		77EDA4F4C8C26A2F4DE103F1 /* [CP] Copy Pods Resources */ = {
			isa = PBXShellScriptBuildPhase;
			buildActionMask = 2147483647;
			files = (
			);
			inputPaths = (
			);
			name = "[CP] Copy Pods Resources";
			outputPaths = (
			);
			runOnlyForDeploymentPostprocessing = 0;
			shellPath = /bin/sh;
			shellScript = "\"${SRCROOT}/Pods/Target Support Files/Pods-AES-Encrypt/Pods-AES-Encrypt-resources.sh\"\n";
			showEnvVarsInLog = 0;
		};
		D06DF36333308F3FE87F89AA /* [CP] Check Pods Manifest.lock */ = {
			isa = PBXShellScriptBuildPhase;
			buildActionMask = 2147483647;
			files = (
			);
			inputPaths = (
				"${PODS_PODFILE_DIR_PATH}/Podfile.lock",
				"${PODS_ROOT}/Manifest.lock",
			);
			name = "[CP] Check Pods Manifest.lock";
			outputPaths = (
				"$(DERIVED_FILE_DIR)/Pods-AES-Encrypt-checkManifestLockResult.txt",
			);
			runOnlyForDeploymentPostprocessing = 0;
			shellPath = /bin/sh;
			shellScript = "diff \"${PODS_PODFILE_DIR_PATH}/Podfile.lock\" \"${PODS_ROOT}/Manifest.lock\" > /dev/null\nif [ $? != 0 ] ; then\n    # print error to STDERR\n    echo \"error: The sandbox is not in sync with the Podfile.lock. Run 'pod install' or update your CocoaPods installation.\" >&2\n    exit 1\nfi\n# This output is used by Xcode 'outputs' to avoid re-running this script phase.\necho \"SUCCESS\" > \"${SCRIPT_OUTPUT_FILE_0}\"\n";
			showEnvVarsInLog = 0;
		};
/* End PBXShellScriptBuildPhase section */

/* Begin PBXSourcesBuildPhase section */
		08CFC0B720198CD600A6D7A0 /* Sources */ = {
			isa = PBXSourcesBuildPhase;
			buildActionMask = 2147483647;
			files = (
				08CFC0C320198CD600A6D7A0 /* ViewController.m in Sources */,
				08CFC0E5201A364200A6D7A0 /* NSString+AES_CBC.m in Sources */,
				08CFC0D62019916100A6D7A0 /* CBCViewController.m in Sources */,
				08CFC0E2201A331C00A6D7A0 /* NSString+AES_ECB.m in Sources */,
				08CFC0CE20198CD600A6D7A0 /* main.m in Sources */,
				08CFC0C020198CD600A6D7A0 /* AppDelegate.m in Sources */,
				08CFC0DF201A31C200A6D7A0 /* NSData+AES_ECB.m in Sources */,
				08CFC0D9201992F000A6D7A0 /* NSData+AES_CBC.m in Sources */,
				08CFC0DC201A2CDE00A6D7A0 /* ECBViewController.m in Sources */,
			);
			runOnlyForDeploymentPostprocessing = 0;
		};
/* End PBXSourcesBuildPhase section */

/* Begin PBXVariantGroup section */
		08CFC0C420198CD600A6D7A0 /* Main.storyboard */ = {
			isa = PBXVariantGroup;
			children = (
				08CFC0C520198CD600A6D7A0 /* Base */,
			);
			name = Main.storyboard;
			sourceTree = "<group>";
		};
		08CFC0C920198CD600A6D7A0 /* LaunchScreen.storyboard */ = {
			isa = PBXVariantGroup;
			children = (
				08CFC0CA20198CD600A6D7A0 /* Base */,
			);
			name = LaunchScreen.storyboard;
			sourceTree = "<group>";
		};
/* End PBXVariantGroup section */

/* Begin XCBuildConfiguration section */
		08CFC0CF20198CD600A6D7A0 /* Debug */ = {
			isa = XCBuildConfiguration;
			buildSettings = {
				ALWAYS_SEARCH_USER_PATHS = NO;
				CLANG_ANALYZER_NONNULL = YES;
				CLANG_ANALYZER_NUMBER_OBJECT_CONVERSION = YES_AGGRESSIVE;
				CLANG_CXX_LANGUAGE_STANDARD = "gnu++14";
				CLANG_CXX_LIBRARY = "libc++";
				CLANG_ENABLE_MODULES = YES;
				CLANG_ENABLE_OBJC_ARC = YES;
				CLANG_WARN_BLOCK_CAPTURE_AUTORELEASING = YES;
				CLANG_WARN_BOOL_CONVERSION = YES;
				CLANG_WARN_COMMA = YES;
				CLANG_WARN_CONSTANT_CONVERSION = YES;
				CLANG_WARN_DIRECT_OBJC_ISA_USAGE = YES_ERROR;
				CLANG_WARN_DOCUMENTATION_COMMENTS = YES;
				CLANG_WARN_EMPTY_BODY = YES;
				CLANG_WARN_ENUM_CONVERSION = YES;
				CLANG_WARN_INFINITE_RECURSION = YES;
				CLANG_WARN_INT_CONVERSION = YES;
				CLANG_WARN_NON_LITERAL_NULL_CONVERSION = YES;
				CLANG_WARN_OBJC_LITERAL_CONVERSION = YES;
				CLANG_WARN_OBJC_ROOT_CLASS = YES_ERROR;
				CLANG_WARN_RANGE_LOOP_ANALYSIS = YES;
				CLANG_WARN_STRICT_PROTOTYPES = YES;
				CLANG_WARN_SUSPICIOUS_MOVE = YES;
				CLANG_WARN_UNGUARDED_AVAILABILITY = YES_AGGRESSIVE;
				CLANG_WARN_UNREACHABLE_CODE = YES;
				CLANG_WARN__DUPLICATE_METHOD_MATCH = YES;
				CODE_SIGN_IDENTITY = "iPhone Developer";
				COPY_PHASE_STRIP = NO;
				DEBUG_INFORMATION_FORMAT = dwarf;
				ENABLE_STRICT_OBJC_MSGSEND = YES;
				ENABLE_TESTABILITY = YES;
				GCC_C_LANGUAGE_STANDARD = gnu11;
				GCC_DYNAMIC_NO_PIC = NO;
				GCC_NO_COMMON_BLOCKS = YES;
				GCC_OPTIMIZATION_LEVEL = 0;
				GCC_PREPROCESSOR_DEFINITIONS = (
					"DEBUG=1",
					"$(inherited)",
				);
				GCC_WARN_64_TO_32_BIT_CONVERSION = YES;
				GCC_WARN_ABOUT_RETURN_TYPE = YES_ERROR;
				GCC_WARN_UNDECLARED_SELECTOR = YES;
				GCC_WARN_UNINITIALIZED_AUTOS = YES_AGGRESSIVE;
				GCC_WARN_UNUSED_FUNCTION = YES;
				GCC_WARN_UNUSED_VARIABLE = YES;
				IPHONEOS_DEPLOYMENT_TARGET = 11.2;
				MTL_ENABLE_DEBUG_INFO = YES;
				ONLY_ACTIVE_ARCH = YES;
				SDKROOT = iphoneos;
			};
			name = Debug;
		};
		08CFC0D020198CD600A6D7A0 /* Release */ = {
			isa = XCBuildConfiguration;
			buildSettings = {
				ALWAYS_SEARCH_USER_PATHS = NO;
				CLANG_ANALYZER_NONNULL = YES;
				CLANG_ANALYZER_NUMBER_OBJECT_CONVERSION = YES_AGGRESSIVE;
				CLANG_CXX_LANGUAGE_STANDARD = "gnu++14";
				CLANG_CXX_LIBRARY = "libc++";
				CLANG_ENABLE_MODULES = YES;
				CLANG_ENABLE_OBJC_ARC = YES;
				CLANG_WARN_BLOCK_CAPTURE_AUTORELEASING = YES;
				CLANG_WARN_BOOL_CONVERSION = YES;
				CLANG_WARN_COMMA = YES;
				CLANG_WARN_CONSTANT_CONVERSION = YES;
				CLANG_WARN_DIRECT_OBJC_ISA_USAGE = YES_ERROR;
				CLANG_WARN_DOCUMENTATION_COMMENTS = YES;
				CLANG_WARN_EMPTY_BODY = YES;
				CLANG_WARN_ENUM_CONVERSION = YES;
				CLANG_WARN_INFINITE_RECURSION = YES;
				CLANG_WARN_INT_CONVERSION = YES;
				CLANG_WARN_NON_LITERAL_NULL_CONVERSION = YES;
				CLANG_WARN_OBJC_LITERAL_CONVERSION = YES;
				CLANG_WARN_OBJC_ROOT_CLASS = YES_ERROR;
				CLANG_WARN_RANGE_LOOP_ANALYSIS = YES;
				CLANG_WARN_STRICT_PROTOTYPES = YES;
				CLANG_WARN_SUSPICIOUS_MOVE = YES;
				CLANG_WARN_UNGUARDED_AVAILABILITY = YES_AGGRESSIVE;
				CLANG_WARN_UNREACHABLE_CODE = YES;
				CLANG_WARN__DUPLICATE_METHOD_MATCH = YES;
				CODE_SIGN_IDENTITY = "iPhone Developer";
				COPY_PHASE_STRIP = NO;
				DEBUG_INFORMATION_FORMAT = "dwarf-with-dsym";
				ENABLE_NS_ASSERTIONS = NO;
				ENABLE_STRICT_OBJC_MSGSEND = YES;
				GCC_C_LANGUAGE_STANDARD = gnu11;
				GCC_NO_COMMON_BLOCKS = YES;
				GCC_WARN_64_TO_32_BIT_CONVERSION = YES;
				GCC_WARN_ABOUT_RETURN_TYPE = YES_ERROR;
				GCC_WARN_UNDECLARED_SELECTOR = YES;
				GCC_WARN_UNINITIALIZED_AUTOS = YES_AGGRESSIVE;
				GCC_WARN_UNUSED_FUNCTION = YES;
				GCC_WARN_UNUSED_VARIABLE = YES;
				IPHONEOS_DEPLOYMENT_TARGET = 11.2;
				MTL_ENABLE_DEBUG_INFO = NO;
				SDKROOT = iphoneos;
				VALIDATE_PRODUCT = YES;
			};
			name = Release;
		};
		08CFC0D220198CD600A6D7A0 /* Debug */ = {
			isa = XCBuildConfiguration;
			baseConfigurationReference = B7F7EF3B2A50A4EC74C47113 /* Pods-AES-Encrypt.debug.xcconfig */;
			buildSettings = {
				ASSETCATALOG_COMPILER_APPICON_NAME = AppIcon;
				CODE_SIGN_STYLE = Automatic;
				DEVELOPMENT_TEAM = 5FB435U38C;
				INFOPLIST_FILE = "AES-Encrypt/Info.plist";
				LD_RUNPATH_SEARCH_PATHS = "$(inherited) @executable_path/Frameworks";
				PRODUCT_BUNDLE_IDENTIFIER = "cn.net.daydreamday.AES-Encrypt";
				PRODUCT_NAME = "$(TARGET_NAME)";
				TARGETED_DEVICE_FAMILY = "1,2";
			};
			name = Debug;
		};
		08CFC0D320198CD600A6D7A0 /* Release */ = {
			isa = XCBuildConfiguration;
			baseConfigurationReference = 92E325E2D00496B6B518D067 /* Pods-AES-Encrypt.release.xcconfig */;
			buildSettings = {
				ASSETCATALOG_COMPILER_APPICON_NAME = AppIcon;
				CODE_SIGN_STYLE = Automatic;
				DEVELOPMENT_TEAM = 5FB435U38C;
				INFOPLIST_FILE = "AES-Encrypt/Info.plist";
				LD_RUNPATH_SEARCH_PATHS = "$(inherited) @executable_path/Frameworks";
				PRODUCT_BUNDLE_IDENTIFIER = "cn.net.daydreamday.AES-Encrypt";
				PRODUCT_NAME = "$(TARGET_NAME)";
				TARGETED_DEVICE_FAMILY = "1,2";
			};
			name = Release;
		};
/* End XCBuildConfiguration section */

/* Begin XCConfigurationList section */
		08CFC0B620198CD600A6D7A0 /* Build configuration list for PBXProject "AES-Encrypt" */ = {
			isa = XCConfigurationList;
			buildConfigurations = (
				08CFC0CF20198CD600A6D7A0 /* Debug */,
				08CFC0D020198CD600A6D7A0 /* Release */,
			);
			defaultConfigurationIsVisible = 0;
			defaultConfigurationName = Release;
		};
		08CFC0D120198CD600A6D7A0 /* Build configuration list for PBXNativeTarget "AES-Encrypt" */ = {
			isa = XCConfigurationList;
			buildConfigurations = (
				08CFC0D220198CD600A6D7A0 /* Debug */,
				08CFC0D320198CD600A6D7A0 /* Release */,
			);
			defaultConfigurationIsVisible = 0;
			defaultConfigurationName = Release;
		};
/* End XCConfigurationList section */
	};
	rootObject = 08CFC0B320198CD600A6D7A0 /* Project object */;
}
